
Microsoft Visual Studio Solution File, Format Version 12.00
# Visual Studio Version 16
VisualStudioVersion = 16.0.30717.126
MinimumVisualStudioVersion = 10.0.40219.1
Project("{FAE04EC0-301F-11D3-BF4B-00C04F79EFBC}") = "MvcCharting", "MvcCharting\MvcCharting.csproj", "{E6D3CF3B-428F-4CA8-8FCA-2FC0E82372A7}"
EndProject
Global
	GlobalSection(SolutionConfigurationPlatforms) = preSolution
		Debug|Any CPU = Debug|Any CPU
		Release|Any CPU = Release|Any CPU
	EndGlobalSection
	GlobalSection(ProjectConfigurationPlatforms) = postSolution
		{E6D3CF3B-428F-4CA8-8FCA-2FC0E82372A7}.Debug|Any CPU.ActiveCfg = Debug|Any CPU
		{E6D3CF3B-428F-4CA8-8FCA-2FC0E82372A7}.Debug|Any CPU.Build.0 = Debug|Any CPU
		{E6D3CF3B-428F-4CA8-8FCA-2FC0E82372A7}.Release|Any CPU.ActiveCfg = Release|Any CPU
		{E6D3CF3B-428F-4CA8-8FCA-2FC0E82372A7}.Release|Any CPU.Build.0 = Release|Any CPU
	EndGlobalSection
	GlobalSection(SolutionProperties) = preSolution
		HideSolutionNode = FALSE
	EndGlobalSection
	GlobalSection(ExtensibilityGlobals) = postSolution
		SolutionGuid = {1D586719-629B-4867-9791-0D9138378BA0}
	EndGlobalSection
EndGlobal
